
Microsoft Visual Studio Solution File, Format Version 12.00
# Visual Studio Version 17
VisualStudioVersion = 17.9.34616.47
MinimumVisualStudioVersion = 10.0.40219.1
Project("{FAE04EC0-301F-11D3-BF4B-00C04F79EFBC}") = "BE_PROJECT_1", "BE_PROJECT_1\BE_PROJECT_1.csproj", "{34230145-6004-4CB7-8FDF-FD58A9660294}"
EndProject
Project("{FAE04EC0-301F-11D3-BF4B-00C04F79EFBC}") = "job api", "job api\job api.csproj", "{4B862E98-E99E-4FAD-8484-42F20FC10608}"
EndProject
Global
	GlobalSection(SolutionConfigurationPlatforms) = preSolution
		Debug|Any CPU = Debug|Any CPU
		Release|Any CPU = Release|Any CPU
	EndGlobalSection
	GlobalSection(ProjectConfigurationPlatforms) = postSolution
		{34230145-6004-4CB7-8FDF-FD58A9660294}.Debug|Any CPU.ActiveCfg = Debug|Any CPU
		{34230145-6004-4CB7-8FDF-FD58A9660294}.Debug|Any CPU.Build.0 = Debug|Any CPU
		{34230145-6004-4CB7-8FDF-FD58A9660294}.Release|Any CPU.ActiveCfg = Release|Any CPU
		{34230145-6004-4CB7-8FDF-FD58A9660294}.Release|Any CPU.Build.0 = Release|Any CPU
		{4B862E98-E99E-4FAD-8484-42F20FC10608}.Debug|Any CPU.ActiveCfg = Debug|Any CPU
		{4B862E98-E99E-4FAD-8484-42F20FC10608}.Debug|Any CPU.Build.0 = Debug|Any CPU
		{4B862E98-E99E-4FAD-8484-42F20FC10608}.Release|Any CPU.ActiveCfg = Release|Any CPU
		{4B862E98-E99E-4FAD-8484-42F20FC10608}.Release|Any CPU.Build.0 = Release|Any CPU
	EndGlobalSection
	GlobalSection(SolutionProperties) = preSolution
		HideSolutionNode = FALSE
	EndGlobalSection
	GlobalSection(ExtensibilityGlobals) = postSolution
		SolutionGuid = {A4124C7A-9239-4664-B148-F1C757422E2A}
	EndGlobalSection
EndGlobal
